
Microsoft Visual Studio Solution File, Format Version 12.00
# Visual Studio 15
VisualStudioVersion = 15.0.27428.2037
MinimumVisualStudioVersion = 10.0.40219.1
Project("{FAE04EC0-301F-11D3-BF4B-00C04F79EFBC}") = "RestaurantReviews.Library", "RestaurantReviews.Library\RestaurantReviews.Library.csproj", "{0A4BD66C-1C29-4575-86BB-02C92FF278ED}"
EndProject
Global
	GlobalSection(SolutionConfigurationPlatforms) = preSolution
		Debug|Any CPU = Debug|Any CPU
		Release|Any CPU = Release|Any CPU
	EndGlobalSection
	GlobalSection(ProjectConfigurationPlatforms) = postSolution
		{0A4BD66C-1C29-4575-86BB-02C92FF278ED}.Debug|Any CPU.ActiveCfg = Debug|Any CPU
		{0A4BD66C-1C29-4575-86BB-02C92FF278ED}.Debug|Any CPU.Build.0 = Debug|Any CPU
		{0A4BD66C-1C29-4575-86BB-02C92FF278ED}.Release|Any CPU.ActiveCfg = Release|Any CPU
		{0A4BD66C-1C29-4575-86BB-02C92FF278ED}.Release|Any CPU.Build.0 = Release|Any CPU
	EndGlobalSection
	GlobalSection(SolutionProperties) = preSolution
		HideSolutionNode = FALSE
	EndGlobalSection
	GlobalSection(ExtensibilityGlobals) = postSolution
		SolutionGuid = {C8770E3A-7B1A-4A24-B4F0-D0E34FCFE366}
	EndGlobalSection
EndGlobal
